
Microsoft Visual Studio Solution File, Format Version 12.00
# Visual Studio 2012
Project("{FAE04EC0-301F-11D3-BF4B-00C04F79EFBC}") = "EventCaptureApp", "EventCaptureApp\EventCaptureApp.csproj", "{58AFEC9A-BC83-4C43-BE0B-F1E837129437}"
EndProject
Project("{FAE04EC0-301F-11D3-BF4B-00C04F79EFBC}") = "EventCaptureApp.iOS", "iOS\EventCaptureApp.iOS.csproj", "{1266B383-4709-4D7C-98B0-D335C053A5ED}"
EndProject
Project("{FAE04EC0-301F-11D3-BF4B-00C04F79EFBC}") = "EventCaptureApp.Droid", "Droid\EventCaptureApp.Droid.csproj", "{C2AF5F54-86E7-4FC1-BFA7-B415D227E4EB}"
EndProject
Global
	GlobalSection(SolutionConfigurationPlatforms) = preSolution
		Debug|Any CPU = Debug|Any CPU
		Release|Any CPU = Release|Any CPU
		Debug|iPhoneSimulator = Debug|iPhoneSimulator
		Release|iPhone = Release|iPhone
		Release|iPhoneSimulator = Release|iPhoneSimulator
		Debug|iPhone = Debug|iPhone
	EndGlobalSection
	GlobalSection(ProjectConfigurationPlatforms) = postSolution
		{58AFEC9A-BC83-4C43-BE0B-F1E837129437}.Debug|Any CPU.ActiveCfg = Debug|Any CPU
		{58AFEC9A-BC83-4C43-BE0B-F1E837129437}.Debug|Any CPU.Build.0 = Debug|Any CPU
		{58AFEC9A-BC83-4C43-BE0B-F1E837129437}.Release|Any CPU.ActiveCfg = Release|Any CPU
		{58AFEC9A-BC83-4C43-BE0B-F1E837129437}.Release|Any CPU.Build.0 = Release|Any CPU
		{58AFEC9A-BC83-4C43-BE0B-F1E837129437}.Debug|iPhoneSimulator.ActiveCfg = Debug|Any CPU
		{58AFEC9A-BC83-4C43-BE0B-F1E837129437}.Debug|iPhoneSimulator.Build.0 = Debug|Any CPU
		{58AFEC9A-BC83-4C43-BE0B-F1E837129437}.Release|iPhone.ActiveCfg = Release|Any CPU
		{58AFEC9A-BC83-4C43-BE0B-F1E837129437}.Release|iPhone.Build.0 = Release|Any CPU
		{58AFEC9A-BC83-4C43-BE0B-F1E837129437}.Release|iPhoneSimulator.ActiveCfg = Release|Any CPU
		{58AFEC9A-BC83-4C43-BE0B-F1E837129437}.Release|iPhoneSimulator.Build.0 = Release|Any CPU
		{58AFEC9A-BC83-4C43-BE0B-F1E837129437}.Debug|iPhone.ActiveCfg = Debug|Any CPU
		{58AFEC9A-BC83-4C43-BE0B-F1E837129437}.Debug|iPhone.Build.0 = Debug|Any CPU
		{1266B383-4709-4D7C-98B0-D335C053A5ED}.Debug|Any CPU.ActiveCfg = Debug|iPhoneSimulator
		{1266B383-4709-4D7C-98B0-D335C053A5ED}.Debug|Any CPU.Build.0 = Debug|iPhoneSimulator
		{1266B383-4709-4D7C-98B0-D335C053A5ED}.Release|Any CPU.ActiveCfg = Release|iPhone
		{1266B383-4709-4D7C-98B0-D335C053A5ED}.Release|Any CPU.Build.0 = Release|iPhone
		{1266B383-4709-4D7C-98B0-D335C053A5ED}.Debug|iPhoneSimulator.ActiveCfg = Debug|iPhoneSimulator
		{1266B383-4709-4D7C-98B0-D335C053A5ED}.Debug|iPhoneSimulator.Build.0 = Debug|iPhoneSimulator
		{1266B383-4709-4D7C-98B0-D335C053A5ED}.Release|iPhone.ActiveCfg = Release|iPhone
		{1266B383-4709-4D7C-98B0-D335C053A5ED}.Release|iPhone.Build.0 = Release|iPhone
		{1266B383-4709-4D7C-98B0-D335C053A5ED}.Release|iPhoneSimulator.ActiveCfg = Release|iPhoneSimulator
		{1266B383-4709-4D7C-98B0-D335C053A5ED}.Release|iPhoneSimulator.Build.0 = Release|iPhoneSimulator
		{1266B383-4709-4D7C-98B0-D335C053A5ED}.Debug|iPhone.ActiveCfg = Debug|iPhone
		{1266B383-4709-4D7C-98B0-D335C053A5ED}.Debug|iPhone.Build.0 = Debug|iPhone
		{C2AF5F54-86E7-4FC1-BFA7-B415D227E4EB}.Debug|Any CPU.ActiveCfg = Debug|Any CPU
		{C2AF5F54-86E7-4FC1-BFA7-B415D227E4EB}.Debug|Any CPU.Build.0 = Debug|Any CPU
		{C2AF5F54-86E7-4FC1-BFA7-B415D227E4EB}.Release|Any CPU.ActiveCfg = Release|Any CPU
		{C2AF5F54-86E7-4FC1-BFA7-B415D227E4EB}.Release|Any CPU.Build.0 = Release|Any CPU
		{C2AF5F54-86E7-4FC1-BFA7-B415D227E4EB}.Debug|iPhoneSimulator.ActiveCfg = Debug|Any CPU
		{C2AF5F54-86E7-4FC1-BFA7-B415D227E4EB}.Debug|iPhoneSimulator.Build.0 = Debug|Any CPU
		{C2AF5F54-86E7-4FC1-BFA7-B415D227E4EB}.Release|iPhone.ActiveCfg = Release|Any CPU
		{C2AF5F54-86E7-4FC1-BFA7-B415D227E4EB}.Release|iPhone.Build.0 = Release|Any CPU
		{C2AF5F54-86E7-4FC1-BFA7-B415D227E4EB}.Release|iPhoneSimulator.ActiveCfg = Release|Any CPU
		{C2AF5F54-86E7-4FC1-BFA7-B415D227E4EB}.Release|iPhoneSimulator.Build.0 = Release|Any CPU
		{C2AF5F54-86E7-4FC1-BFA7-B415D227E4EB}.Debug|iPhone.ActiveCfg = Debug|Any CPU
		{C2AF5F54-86E7-4FC1-BFA7-B415D227E4EB}.Debug|iPhone.Build.0 = Debug|Any CPU
	EndGlobalSection
EndGlobal
